lockfileVersion: 5.4

specifiers:
  '@gplane/tsconfig': ^5.0.0
  '@type-challenges/utils': ^0.1.1
  prettier: ^2.7.0
  typescript: ^4.7.3

devDependencies:
  '@gplane/tsconfig': 5.0.0
  '@type-challenges/utils': 0.1.1
  prettier: 2.7.0
  typescript: 4.7.3

packages:

  /@gplane/tsconfig/5.0.0:
    resolution: {integrity: sha512-RgyxDE865mkyME4qavYnVg3L2EzWJXMGgMAyZEKvkHL200vRBWpkrpgwYdib1RFk9NhigczHntTdc6tRsvjDiQ==}
    dev: true

  /@type-challenges/utils/0.1.1:
    resolution: {integrity: sha512-A7ljYfBM+FLw+NDyuYvGBJiCEV9c0lPWEAdzfOAkb3JFqfLl0Iv/WhWMMARHiRKlmmiD1g8gz/507yVvHdQUYA==}
    dev: true

  /prettier/2.7.0:
    resolution: {integrity: sha512-nwoX4GMFgxoPC6diHvSwmK/4yU8FFH3V8XWtLQrbj4IBsK2pkYhG4kf/ljF/haaZ/aii+wNJqISrCDPgxGWDVQ==}
    engines: {node: '>=10.13.0'}
    hasBin: true
    dev: true

  /typescript/4.7.3:
    resolution: {integrity: sha512-WOkT3XYvrpXx4vMMqlD+8R8R37fZkjyLGlxavMc4iB8lrl8L0DeTcHbYgw/v0N/z9wAFsgBhcsF0ruoySS22mA==}
    engines: {node: '>=4.2.0'}
    hasBin: true
    dev: true
